
Microsoft Visual Studio Solution File, Format Version 12.00
# Visual Studio Version 17
VisualStudioVersion = 17.14.36518.9 d17.14
MinimumVisualStudioVersion = 10.0.40219.1
Project("{8BC9CEB8-8B4A-11D0-8D11-00A0C91BC942}") = "Assignment1_Q2", "PFAssignment1\PFAssignment1.vcxproj", "{AF2DC926-6EBB-416B-8783-759126ADDD2A}"
EndProject
Project("{8BC9CEB8-8B4A-11D0-8D11-00A0C91BC942}") = "Assignment1_Q1", "Assignment1_Q1\Assignment1_Q1.vcxproj", "{17316831-E7DF-4528-A405-024622226BBB}"
EndProject
Project("{8BC9CEB8-8B4A-11D0-8D11-00A0C91BC942}") = "Assignment1_Q3", "Assignment1_Q3\Assignment1_Q3.vcxproj", "{290D792D-2A2A-41EA-95A3-C2F6F8EE15C5}"
EndProject
Project("{8BC9CEB8-8B4A-11D0-8D11-00A0C91BC942}") = "Assignment1_bonusQuestion", "Assignment1_bonusQuestion\Assignment1_bonusQuestion.vcxproj", "{035B3B7C-7702-43C3-9ACF-6919CBEF293B}"
EndProject
Global
	GlobalSection(SolutionConfigurationPlatforms) = preSolution
		Debug|x64 = Debug|x64
		Debug|x86 = Debug|x86
		Release|x64 = Release|x64
		Release|x86 = Release|x86
	EndGlobalSection
	GlobalSection(ProjectConfigurationPlatforms) = postSolution
		{AF2DC926-6EBB-416B-8783-759126ADDD2A}.Debug|x64.ActiveCfg = Debug|x64
		{AF2DC926-6EBB-416B-8783-759126ADDD2A}.Debug|x64.Build.0 = Debug|x64
		{AF2DC926-6EBB-416B-8783-759126ADDD2A}.Debug|x86.ActiveCfg = Debug|Win32
		{AF2DC926-6EBB-416B-8783-759126ADDD2A}.Debug|x86.Build.0 = Debug|Win32
		{AF2DC926-6EBB-416B-8783-759126ADDD2A}.Release|x64.ActiveCfg = Release|x64
		{AF2DC926-6EBB-416B-8783-759126ADDD2A}.Release|x64.Build.0 = Release|x64
		{AF2DC926-6EBB-416B-8783-759126ADDD2A}.Release|x86.ActiveCfg = Release|Win32
		{AF2DC926-6EBB-416B-8783-759126ADDD2A}.Release|x86.Build.0 = Release|Win32
		{17316831-E7DF-4528-A405-024622226BBB}.Debug|x64.ActiveCfg = Debug|x64
		{17316831-E7DF-4528-A405-024622226BBB}.Debug|x64.Build.0 = Debug|x64
		{17316831-E7DF-4528-A405-024622226BBB}.Debug|x86.ActiveCfg = Debug|Win32
		{17316831-E7DF-4528-A405-024622226BBB}.Debug|x86.Build.0 = Debug|Win32
		{17316831-E7DF-4528-A405-024622226BBB}.Release|x64.ActiveCfg = Release|x64
		{17316831-E7DF-4528-A405-024622226BBB}.Release|x64.Build.0 = Release|x64
		{17316831-E7DF-4528-A405-024622226BBB}.Release|x86.ActiveCfg = Release|Win32
		{17316831-E7DF-4528-A405-024622226BBB}.Release|x86.Build.0 = Release|Win32
		{290D792D-2A2A-41EA-95A3-C2F6F8EE15C5}.Debug|x64.ActiveCfg = Debug|x64
		{290D792D-2A2A-41EA-95A3-C2F6F8EE15C5}.Debug|x64.Build.0 = Debug|x64
		{290D792D-2A2A-41EA-95A3-C2F6F8EE15C5}.Debug|x86.ActiveCfg = Debug|Win32
		{290D792D-2A2A-41EA-95A3-C2F6F8EE15C5}.Debug|x86.Build.0 = Debug|Win32
		{290D792D-2A2A-41EA-95A3-C2F6F8EE15C5}.Release|x64.ActiveCfg = Release|x64
		{290D792D-2A2A-41EA-95A3-C2F6F8EE15C5}.Release|x64.Build.0 = Release|x64
		{290D792D-2A2A-41EA-95A3-C2F6F8EE15C5}.Release|x86.ActiveCfg = Release|Win32
		{290D792D-2A2A-41EA-95A3-C2F6F8EE15C5}.Release|x86.Build.0 = Release|Win32
		{035B3B7C-7702-43C3-9ACF-6919CBEF293B}.Debug|x64.ActiveCfg = Debug|x64
		{035B3B7C-7702-43C3-9ACF-6919CBEF293B}.Debug|x64.Build.0 = Debug|x64
		{035B3B7C-7702-43C3-9ACF-6919CBEF293B}.Debug|x86.ActiveCfg = Debug|Win32
		{035B3B7C-7702-43C3-9ACF-6919CBEF293B}.Debug|x86.Build.0 = Debug|Win32
		{035B3B7C-7702-43C3-9ACF-6919CBEF293B}.Release|x64.ActiveCfg = Release|x64
		{035B3B7C-7702-43C3-9ACF-6919CBEF293B}.Release|x64.Build.0 = Release|x64
		{035B3B7C-7702-43C3-9ACF-6919CBEF293B}.Release|x86.ActiveCfg = Release|Win32
		{035B3B7C-7702-43C3-9ACF-6919CBEF293B}.Release|x86.Build.0 = Release|Win32
	EndGlobalSection
	GlobalSection(SolutionProperties) = preSolution
		HideSolutionNode = FALSE
	EndGlobalSection
	GlobalSection(ExtensibilityGlobals) = postSolution
		SolutionGuid = {275D810B-1131-4740-9612-036EE9124D21}
	EndGlobalSection
EndGlobal
